{
  "name": "docker-tutorial",
  "lockfileVersion": 2,
  "requires": true,
  "packages": {
    "": {
      "dependencies": {
        "node-color-log": "^7.0.0"
      }
    },
    "node_modules/node-color-log": {
      "version": "7.0.0",
      "resolved": "https://registry.npmjs.org/node-color-log/-/node-color-log-7.0.0.tgz",
      "integrity": "sha512-Lxe7GaWxsTNnZmSf2tS9FgCBv9DJdJGTSZZxQ18heCs+QWYIs8Arsh6JGfTk329hKpY+is1Y5hXbAkagBo9Pww=="
    }
  },
  "dependencies": {
    "node-color-log": {
      "version": "7.0.0",
      "resolved": "https://registry.npmjs.org/node-color-log/-/node-color-log-7.0.0.tgz",
      "integrity": "sha512-Lxe7GaWxsTNnZmSf2tS9FgCBv9DJdJGTSZZxQ18heCs+QWYIs8Arsh6JGfTk329hKpY+is1Y5hXbAkagBo9Pww=="
    }
  }
}
